{
  "originHash" : "2bfde059353be8ccc64922449a9c017e6e8a78958e9d4aac1f2e50f391c2b137",
  "pins" : [
    {
      "identity" : "defaults",
      "kind" : "remoteSourceControl",
      "location" : "https://github.com/sindresorhus/Defaults",
      "state" : {
        "branch" : "main",
        "revision" : "a89f799930c92a85aa04b72131849d46c0833ab3"
      }
    }
  ],
  "version" : 3
}
